<?xml version="1.0" encoding="utf-8"?>
<Project ToolsVersion="4.0" xmlns="http://schemas.microsoft.com/developer/msbuild/2003">
  <ItemGroup>
    <Filter Include="ソース ファイル">
      <UniqueIdentifier>{4FC737F1-C7A5-4376-A066-2A32D752A2FF}</UniqueIdentifier>
      <Extensions>cpp;c;cc;cxx;c++;cppm;ixx;def;odl;idl;hpj;bat;asm;asmx</Extensions>
    </Filter>
    <Filter Include="ヘッダー ファイル">
      <UniqueIdentifier>{93995380-89BD-4b04-88EB-625FBE52EBFB}</UniqueIdentifier>
      <Extensions>h;hh;hpp;hxx;h++;hm;inl;inc;ipp;xsd</Extensions>
    </Filter>
    <Filter Include="リソース ファイル">
      <UniqueIdentifier>{67DA6AB6-F800-4c08-8B7A-83BB121AAD01}</UniqueIdentifier>
      <Extensions>rc;ico;cur;bmp;dlg;rc2;rct;bin;rgs;gif;jpg;jpeg;jpe;resx;tiff;tif;png;wav;mfcribbon-ms</Extensions>
    </Filter>
    <Filter Include="ソース ファイル\2D">
      <UniqueIdentifier>{c73f3abd-6a38-4901-9e44-d8718d9d76a7}</UniqueIdentifier>
    </Filter>
    <Filter Include="ソース ファイル\3D">
      <UniqueIdentifier>{44c60bfe-2ee6-4da8-9484-b8bab1b4c312}</UniqueIdentifier>
    </Filter>
    <Filter Include="ソース ファイル\Audio">
      <UniqueIdentifier>{7d8a02a8-2fde-4079-aae3-5f007750dc28}</UniqueIdentifier>
    </Filter>
    <Filter Include="ソース ファイル\Base">
      <UniqueIdentifier>{378818d5-a345-4989-9d57-8e195cb5d6d2}</UniqueIdentifier>
    </Filter>
    <Filter Include="ソース ファイル\Input">
      <UniqueIdentifier>{af479eb5-0193-4c1e-b3cd-7e59ef75bfa8}</UniqueIdentifier>
    </Filter>
    <Filter Include="ソース ファイル\Math">
      <UniqueIdentifier>{08cfddff-3b4e-443d-a189-b42a91f63cdd}</UniqueIdentifier>
    </Filter>
    <Filter Include="ヘッダー ファイル\2D">
      <UniqueIdentifier>{e65aa8a5-2417-43ba-bde0-a9443118bebd}</UniqueIdentifier>
    </Filter>
    <Filter Include="ヘッダー ファイル\3D">
      <UniqueIdentifier>{41ccc741-a5e9-46cf-8819-82cce9d6eef7}</UniqueIdentifier>
    </Filter>
    <Filter Include="ヘッダー ファイル\Audio">
      <UniqueIdentifier>{ed6f3fc7-35cb-4615-a497-4590687b7cf6}</UniqueIdentifier>
    </Filter>
    <Filter Include="ヘッダー ファイル\Base">
      <UniqueIdentifier>{b70d2de0-c637-4a33-a54c-d25bba00d3bd}</UniqueIdentifier>
    </Filter>
    <Filter Include="ヘッダー ファイル\Input">
      <UniqueIdentifier>{45acbaaf-a0a4-422a-b32a-aa974a7ebdbd}</UniqueIdentifier>
    </Filter>
    <Filter Include="ヘッダー ファイル\Math">
      <UniqueIdentifier>{ad2ac244-8695-48f7-ab33-c5bfaa5076ba}</UniqueIdentifier>
    </Filter>
    <Filter Include="シェーダーファイル">
      <UniqueIdentifier>{a76cdae9-805d-416f-8044-31b92158d542}</UniqueIdentifier>
    </Filter>
    <Filter Include="ソース ファイル\2D\Sprite">
      <UniqueIdentifier>{8eb7c8f8-b59b-4143-806c-0067e0b7fa72}</UniqueIdentifier>
    </Filter>
    <Filter Include="ヘッダー ファイル\2D\Sprite">
      <UniqueIdentifier>{b390056c-8f9c-4869-9381-e6c6ea2497e5}</UniqueIdentifier>
    </Filter>
  </ItemGroup>
  <ItemGroup>
    <ClCompile Include="main.cpp">
      <Filter>ソース ファイル</Filter>
    </ClCompile>
    <ClCompile Include="lib\engine\Base\WinApp.cpp">
      <Filter>ソース ファイル\Base</Filter>
    </ClCompile>
    <ClCompile Include="lib\engine\Math\DirectX12Math.cpp">
      <Filter>ソース ファイル\Math</Filter>
    </ClCompile>
    <ClCompile Include="lib\engine\Base\DirectXCommon.cpp">
      <Filter>ソース ファイル\Base</Filter>
    </ClCompile>
    <ClCompile Include="lib\engine\Input\Input.cpp">
      <Filter>ソース ファイル\Input</Filter>
    </ClCompile>
    <ClCompile Include="lib\engine\Input\Keyboard.cpp">
      <Filter>ソース ファイル\Input</Filter>
    </ClCompile>
    <ClCompile Include="lib\engine\Base\FPS.cpp">
      <Filter>ソース ファイル\Base</Filter>
    </ClCompile>
    <ClCompile Include="lib\engine\2D\Sprite\Sprite.cpp">
      <Filter>ソース ファイル\2D\Sprite</Filter>
    </ClCompile>
    <ClCompile Include="lib\engine\2D\Sprite\SpriteCommon.cpp">
      <Filter>ソース ファイル\2D\Sprite</Filter>
    </ClCompile>
    <ClCompile Include="TextureManager.cpp">
      <Filter>ソース ファイル\Base</Filter>
    </ClCompile>
  </ItemGroup>
  <ItemGroup>
    <ClInclude Include="lib\engine\Math\DirectX12Math.h">
      <Filter>ヘッダー ファイル\Math</Filter>
    </ClInclude>
    <ClInclude Include="lib\engine\Base\DirectXCommon.h">
      <Filter>ヘッダー ファイル\Base</Filter>
    </ClInclude>
    <ClInclude Include="lib\engine\Input\Input.h">
      <Filter>ヘッダー ファイル\Input</Filter>
    </ClInclude>
    <ClInclude Include="lib\engine\Base\WinApp.h">
      <Filter>ヘッダー ファイル\Base</Filter>
    </ClInclude>
    <ClInclude Include="lib\engine\Input\Keyboard.h">
      <Filter>ヘッダー ファイル\Input</Filter>
    </ClInclude>
    <ClInclude Include="TextureManager.h">
      <Filter>ヘッダー ファイル\Base</Filter>
    </ClInclude>
    <ClInclude Include="lib\engine\2D\Sprite\Sprite.h">
      <Filter>ヘッダー ファイル\2D\Sprite</Filter>
    </ClInclude>
    <ClInclude Include="lib\engine\2D\Sprite\SpriteCommon.h">
      <Filter>ヘッダー ファイル\2D\Sprite</Filter>
    </ClInclude>
    <ClInclude Include="lib\engine\Base\FPS.h">
      <Filter>ヘッダー ファイル\Base</Filter>
    </ClInclude>
  </ItemGroup>
  <ItemGroup>
    <None Include="Resources\shaders\Sprite.hlsli">
      <Filter>シェーダーファイル</Filter>
    </None>
  </ItemGroup>
  <ItemGroup>
    <FxCompile Include="Resources\shaders\SpritePS.hlsl">
      <Filter>シェーダーファイル</Filter>
    </FxCompile>
    <FxCompile Include="Resources\shaders\SpriteVS.hlsl">
      <Filter>シェーダーファイル</Filter>
    </FxCompile>
  </ItemGroup>
</Project>