<?xml version="1.0" encoding="utf-8"?>
<Project ToolsVersion="4.0" xmlns="http://schemas.microsoft.com/developer/msbuild/2003">
  <ItemGroup>
    <Filter Include="Users">
      <UniqueIdentifier>{a952b3f1-648d-4889-b406-c6c1f7b974d0}</UniqueIdentifier>
    </Filter>
    <Filter Include="Engine">
      <UniqueIdentifier>{d422f2ed-72b3-4cc1-b527-7107791cb99d}</UniqueIdentifier>
    </Filter>
    <Filter Include="Engine\シェーダーファイル">
      <UniqueIdentifier>{a76cdae9-805d-416f-8044-31b92158d542}</UniqueIdentifier>
    </Filter>
    <Filter Include="Engine\ソース ファイル">
      <UniqueIdentifier>{4FC737F1-C7A5-4376-A066-2A32D752A2FF}</UniqueIdentifier>
      <Extensions>cpp;c;cc;cxx;c++;cppm;ixx;def;odl;idl;hpj;bat;asm;asmx</Extensions>
    </Filter>
    <Filter Include="Engine\ソース ファイル\2D">
      <UniqueIdentifier>{c73f3abd-6a38-4901-9e44-d8718d9d76a7}</UniqueIdentifier>
    </Filter>
    <Filter Include="Engine\ソース ファイル\2D\Sprite">
      <UniqueIdentifier>{8eb7c8f8-b59b-4143-806c-0067e0b7fa72}</UniqueIdentifier>
    </Filter>
    <Filter Include="Engine\ソース ファイル\3D">
      <UniqueIdentifier>{44c60bfe-2ee6-4da8-9484-b8bab1b4c312}</UniqueIdentifier>
    </Filter>
    <Filter Include="Engine\ソース ファイル\3D\Model">
      <UniqueIdentifier>{e63dfd67-5953-4176-8f55-b21c91eb64ee}</UniqueIdentifier>
    </Filter>
    <Filter Include="Engine\ソース ファイル\Audio">
      <UniqueIdentifier>{7d8a02a8-2fde-4079-aae3-5f007750dc28}</UniqueIdentifier>
    </Filter>
    <Filter Include="Engine\ソース ファイル\Base">
      <UniqueIdentifier>{378818d5-a345-4989-9d57-8e195cb5d6d2}</UniqueIdentifier>
    </Filter>
    <Filter Include="Engine\ソース ファイル\Input">
      <UniqueIdentifier>{af479eb5-0193-4c1e-b3cd-7e59ef75bfa8}</UniqueIdentifier>
    </Filter>
    <Filter Include="Engine\ソース ファイル\Math">
      <UniqueIdentifier>{08cfddff-3b4e-443d-a189-b42a91f63cdd}</UniqueIdentifier>
    </Filter>
    <Filter Include="Engine\ソース ファイル\Camera">
      <UniqueIdentifier>{3efd76ed-c76e-47ce-a9cf-43876499a3c4}</UniqueIdentifier>
    </Filter>
    <Filter Include="Engine\ヘッダー ファイル">
      <UniqueIdentifier>{93995380-89BD-4b04-88EB-625FBE52EBFB}</UniqueIdentifier>
      <Extensions>h;hh;hpp;hxx;h++;hm;inl;inc;ipp;xsd</Extensions>
    </Filter>
    <Filter Include="Engine\ヘッダー ファイル\2D">
      <UniqueIdentifier>{e65aa8a5-2417-43ba-bde0-a9443118bebd}</UniqueIdentifier>
    </Filter>
    <Filter Include="Engine\ヘッダー ファイル\2D\Sprite">
      <UniqueIdentifier>{b390056c-8f9c-4869-9381-e6c6ea2497e5}</UniqueIdentifier>
    </Filter>
    <Filter Include="Engine\ヘッダー ファイル\3D">
      <UniqueIdentifier>{41ccc741-a5e9-46cf-8819-82cce9d6eef7}</UniqueIdentifier>
    </Filter>
    <Filter Include="Engine\ヘッダー ファイル\3D\Model">
      <UniqueIdentifier>{e989c97c-9f95-4582-b997-08cd55d5f294}</UniqueIdentifier>
    </Filter>
    <Filter Include="Engine\ヘッダー ファイル\Audio">
      <UniqueIdentifier>{ed6f3fc7-35cb-4615-a497-4590687b7cf6}</UniqueIdentifier>
    </Filter>
    <Filter Include="Engine\ヘッダー ファイル\Base">
      <UniqueIdentifier>{b70d2de0-c637-4a33-a54c-d25bba00d3bd}</UniqueIdentifier>
    </Filter>
    <Filter Include="Engine\ヘッダー ファイル\Input">
      <UniqueIdentifier>{45acbaaf-a0a4-422a-b32a-aa974a7ebdbd}</UniqueIdentifier>
    </Filter>
    <Filter Include="Engine\ヘッダー ファイル\Math">
      <UniqueIdentifier>{ad2ac244-8695-48f7-ab33-c5bfaa5076ba}</UniqueIdentifier>
    </Filter>
    <Filter Include="Engine\ヘッダー ファイル\Camera">
      <UniqueIdentifier>{c97cc52a-0cc2-4ddd-a619-75ffcd79f92f}</UniqueIdentifier>
    </Filter>
    <Filter Include="Engine\リソース ファイル">
      <UniqueIdentifier>{67DA6AB6-F800-4c08-8B7A-83BB121AAD01}</UniqueIdentifier>
      <Extensions>rc;ico;cur;bmp;dlg;rc2;rct;bin;rgs;gif;jpg;jpeg;jpe;resx;tiff;tif;png;wav;mfcribbon-ms</Extensions>
    </Filter>
    <Filter Include="Users\ソースファイル">
      <UniqueIdentifier>{b6b7eb32-5341-435a-960a-2288aa2e1514}</UniqueIdentifier>
    </Filter>
    <Filter Include="Users\ヘッダーファイル">
      <UniqueIdentifier>{bf8fe96f-0fed-4f1d-8d00-838460ae6a53}</UniqueIdentifier>
    </Filter>
    <Filter Include="Engine\ソース ファイル\Collision">
      <UniqueIdentifier>{81d8fa0e-832d-4769-87ef-581ca72dd4a3}</UniqueIdentifier>
    </Filter>
    <Filter Include="Engine\ヘッダー ファイル\Collision">
      <UniqueIdentifier>{36737aef-d22d-4247-8501-b9e6e3ef91d6}</UniqueIdentifier>
    </Filter>
    <Filter Include="Engine\ソース ファイル\Imgui">
      <UniqueIdentifier>{eb7948e4-3f34-4cb5-bfc5-b7e858393c1a}</UniqueIdentifier>
    </Filter>
    <Filter Include="Engine\ヘッダー ファイル\Imgui">
      <UniqueIdentifier>{41512218-0f25-42e0-b2e7-761062e3645e}</UniqueIdentifier>
    </Filter>
    <Filter Include="Engine\ソース ファイル\Scene">
      <UniqueIdentifier>{11fa5a6a-6eec-4ee2-95f7-96731894cedd}</UniqueIdentifier>
    </Filter>
    <Filter Include="Engine\ヘッダー ファイル\Scene">
      <UniqueIdentifier>{59958012-ea03-412a-b364-e23ccd12ad29}</UniqueIdentifier>
    </Filter>
    <Filter Include="Users\ソースファイル\Scene">
      <UniqueIdentifier>{f0f41f50-1b68-48ea-8c99-12f27eb5336d}</UniqueIdentifier>
    </Filter>
    <Filter Include="Users\ヘッダーファイル\Scene">
      <UniqueIdentifier>{b9d46f5b-a8a1-4e6c-a773-c1fb8519a9f5}</UniqueIdentifier>
    </Filter>
    <Filter Include="Engine\ヘッダー ファイル\Base\Utility">
      <UniqueIdentifier>{a5417002-6899-4620-9d41-4365d63e4186}</UniqueIdentifier>
    </Filter>
    <Filter Include="Engine\ソース ファイル\3D\Particle">
      <UniqueIdentifier>{db9ac287-89df-4b7a-9350-d6d3076df92e}</UniqueIdentifier>
    </Filter>
    <Filter Include="Engine\ヘッダー ファイル\3D\Particle">
      <UniqueIdentifier>{e7bc7cb2-6b19-4b3a-a242-ddeee7edc915}</UniqueIdentifier>
    </Filter>
  </ItemGroup>
  <ItemGroup>
    <ClCompile Include="main.cpp">
      <Filter>Engine\ソース ファイル</Filter>
    </ClCompile>
    <ClCompile Include="lib\engine\Base\WinApp.cpp">
      <Filter>Engine\ソース ファイル\Base</Filter>
    </ClCompile>
    <ClCompile Include="lib\engine\Math\DirectX12Math.cpp">
      <Filter>Engine\ソース ファイル\Math</Filter>
    </ClCompile>
    <ClCompile Include="lib\engine\Base\DirectXCommon.cpp">
      <Filter>Engine\ソース ファイル\Base</Filter>
    </ClCompile>
    <ClCompile Include="lib\engine\Input\Input.cpp">
      <Filter>Engine\ソース ファイル\Input</Filter>
    </ClCompile>
    <ClCompile Include="lib\engine\Input\Keyboard.cpp">
      <Filter>Engine\ソース ファイル\Input</Filter>
    </ClCompile>
    <ClCompile Include="lib\engine\Base\FPS.cpp">
      <Filter>Engine\ソース ファイル\Base</Filter>
    </ClCompile>
    <ClCompile Include="lib\engine\2D\Sprite\Sprite.cpp">
      <Filter>Engine\ソース ファイル\2D\Sprite</Filter>
    </ClCompile>
    <ClCompile Include="lib\engine\Math\Matrix4.cpp">
      <Filter>Engine\ソース ファイル\Math</Filter>
    </ClCompile>
    <ClCompile Include="lib\engine\Math\Vector2.cpp">
      <Filter>Engine\ソース ファイル\Math</Filter>
    </ClCompile>
    <ClCompile Include="lib\engine\Math\Vector3.cpp">
      <Filter>Engine\ソース ファイル\Math</Filter>
    </ClCompile>
    <ClCompile Include="lib\engine\Math\Vector4.cpp">
      <Filter>Engine\ソース ファイル\Math</Filter>
    </ClCompile>
    <ClCompile Include="lib\engine\Base\Pipeline.cpp">
      <Filter>Engine\ソース ファイル\Base</Filter>
    </ClCompile>
    <ClCompile Include="lib\engine\Base\TextureManager.cpp">
      <Filter>Engine\ソース ファイル\Base</Filter>
    </ClCompile>
    <ClCompile Include="lib\engine\Audio\AudioManager.cpp">
      <Filter>Engine\ソース ファイル\Audio</Filter>
    </ClCompile>
    <ClCompile Include="lib\engine\Camera\Camera.cpp">
      <Filter>Engine\ソース ファイル\Camera</Filter>
    </ClCompile>
    <ClCompile Include="lib\engine\3D\Model\Object3d.cpp">
      <Filter>Engine\ソース ファイル\3D\Model</Filter>
    </ClCompile>
    <ClCompile Include="lib\engine\3D\Model\Model.cpp">
      <Filter>Engine\ソース ファイル\3D\Model</Filter>
    </ClCompile>
    <ClCompile Include="lib\engine\3D\Model\Material.cpp">
      <Filter>Engine\ソース ファイル\3D\Model</Filter>
    </ClCompile>
    <ClCompile Include="lib\engine\Base\Shader.cpp">
      <Filter>Engine\ソース ファイル\Base</Filter>
    </ClCompile>
    <ClCompile Include="lib\engine\Collision\CollisionPrimitive.cpp">
      <Filter>Engine\ソース ファイル\Collision</Filter>
    </ClCompile>
    <ClCompile Include="lib\engine\Collision\Collision.cpp">
      <Filter>Engine\ソース ファイル\Collision</Filter>
    </ClCompile>
    <ClCompile Include="lib\engine\Input\Controller.cpp">
      <Filter>Engine\ソース ファイル\Input</Filter>
    </ClCompile>
    <ClCompile Include="lib\engine\Collision\GameCollisionManager.cpp">
      <Filter>Engine\ソース ファイル\Collision</Filter>
    </ClCompile>
    <ClCompile Include="lib\engine\ImGui\ImGuiManager.cpp">
      <Filter>Engine\ソース ファイル\Imgui</Filter>
    </ClCompile>
    <ClCompile Include="lib\engine\Scene\BaseScene.cpp">
      <Filter>Engine\ソース ファイル\Scene</Filter>
    </ClCompile>
    <ClCompile Include="lib\engine\Scene\Framework.cpp">
      <Filter>Engine\ソース ファイル\Scene</Filter>
    </ClCompile>
    <ClCompile Include="lib\engine\Scene\SceneManager.cpp">
      <Filter>Engine\ソース ファイル\Scene</Filter>
    </ClCompile>
    <ClCompile Include="Users\Scene\GameScene.cpp">
      <Filter>Users\ソースファイル\Scene</Filter>
    </ClCompile>
    <ClCompile Include="Users\Scene\MainGame.cpp">
      <Filter>Users\ソースファイル\Scene</Filter>
    </ClCompile>
    <ClCompile Include="Users\Scene\SceneFactory.cpp">
      <Filter>Users\ソースファイル\Scene</Filter>
    </ClCompile>
    <ClCompile Include="Users\Scene\TitleScene.cpp">
      <Filter>Users\ソースファイル\Scene</Filter>
    </ClCompile>
    <ClCompile Include="lib\engine\3D\WorldTransform.cpp">
      <Filter>Engine\ソース ファイル\3D</Filter>
    </ClCompile>
    <ClCompile Include="lib\engine\3D\Particle\ParticleManager.cpp">
      <Filter>Engine\ソース ファイル\3D\Particle</Filter>
    </ClCompile>
  </ItemGroup>
  <ItemGroup>
    <ClInclude Include="lib\engine\Math\DirectX12Math.h">
      <Filter>Engine\ヘッダー ファイル\Math</Filter>
    </ClInclude>
    <ClInclude Include="lib\engine\Base\DirectXCommon.h">
      <Filter>Engine\ヘッダー ファイル\Base</Filter>
    </ClInclude>
    <ClInclude Include="lib\engine\Input\Input.h">
      <Filter>Engine\ヘッダー ファイル\Input</Filter>
    </ClInclude>
    <ClInclude Include="lib\engine\Base\WinApp.h">
      <Filter>Engine\ヘッダー ファイル\Base</Filter>
    </ClInclude>
    <ClInclude Include="lib\engine\Input\Keyboard.h">
      <Filter>Engine\ヘッダー ファイル\Input</Filter>
    </ClInclude>
    <ClInclude Include="lib\engine\2D\Sprite\Sprite.h">
      <Filter>Engine\ヘッダー ファイル\2D\Sprite</Filter>
    </ClInclude>
    <ClInclude Include="lib\engine\Base\FPS.h">
      <Filter>Engine\ヘッダー ファイル\Base</Filter>
    </ClInclude>
    <ClInclude Include="lib\engine\Math\Matrix4.h">
      <Filter>Engine\ヘッダー ファイル\Math</Filter>
    </ClInclude>
    <ClInclude Include="lib\engine\Math\Vector2.h">
      <Filter>Engine\ヘッダー ファイル\Math</Filter>
    </ClInclude>
    <ClInclude Include="lib\engine\Math\Vector3.h">
      <Filter>Engine\ヘッダー ファイル\Math</Filter>
    </ClInclude>
    <ClInclude Include="lib\engine\Math\Vector4.h">
      <Filter>Engine\ヘッダー ファイル\Math</Filter>
    </ClInclude>
    <ClInclude Include="lib\engine\Base\Pipeline.h">
      <Filter>Engine\ヘッダー ファイル\Base</Filter>
    </ClInclude>
    <ClInclude Include="lib\engine\Base\TextureManager.h">
      <Filter>Engine\ヘッダー ファイル\Base</Filter>
    </ClInclude>
    <ClInclude Include="lib\engine\Audio\AudioManager.h">
      <Filter>Engine\ヘッダー ファイル\Audio</Filter>
    </ClInclude>
    <ClInclude Include="lib\engine\Camera\Camera.h">
      <Filter>Engine\ヘッダー ファイル\Camera</Filter>
    </ClInclude>
    <ClInclude Include="lib\engine\3D\Model\Object3d.h">
      <Filter>Engine\ヘッダー ファイル\3D\Model</Filter>
    </ClInclude>
    <ClInclude Include="lib\engine\3D\Model\Model.h">
      <Filter>Engine\ヘッダー ファイル\3D\Model</Filter>
    </ClInclude>
    <ClInclude Include="lib\engine\3D\Model\Material.h">
      <Filter>Engine\ヘッダー ファイル\3D\Model</Filter>
    </ClInclude>
    <ClInclude Include="lib\engine\Base\Shader.h">
      <Filter>Engine\ヘッダー ファイル\Base</Filter>
    </ClInclude>
    <ClInclude Include="lib\engine\Collision\Collision.h">
      <Filter>Engine\ヘッダー ファイル\Collision</Filter>
    </ClInclude>
    <ClInclude Include="lib\engine\Collision\CollisionPrimitive.h">
      <Filter>Engine\ヘッダー ファイル\Collision</Filter>
    </ClInclude>
    <ClInclude Include="lib\engine\Input\Controller.h">
      <Filter>Engine\ヘッダー ファイル\Input</Filter>
    </ClInclude>
    <ClInclude Include="lib\engine\Collision\GameCollisionManager.h">
      <Filter>Engine\ヘッダー ファイル\Collision</Filter>
    </ClInclude>
    <ClInclude Include="lib\engine\Collision\GameCollisionConflg.h">
      <Filter>Engine\ヘッダー ファイル\Collision</Filter>
    </ClInclude>
    <ClInclude Include="lib\engine\ImGui\ImGuiManager.h">
      <Filter>Engine\ヘッダー ファイル\Imgui</Filter>
    </ClInclude>
    <ClInclude Include="lib\engine\Scene\AbstractSceneFactory.h">
      <Filter>Engine\ヘッダー ファイル\Scene</Filter>
    </ClInclude>
    <ClInclude Include="lib\engine\Scene\SceneManager.h">
      <Filter>Engine\ヘッダー ファイル\Scene</Filter>
    </ClInclude>
    <ClInclude Include="lib\engine\Scene\Framework.h">
      <Filter>Engine\ヘッダー ファイル\Scene</Filter>
    </ClInclude>
    <ClInclude Include="lib\engine\Scene\BaseScene.h">
      <Filter>Engine\ヘッダー ファイル\Scene</Filter>
    </ClInclude>
    <ClInclude Include="Users\Scene\GameScene.h">
      <Filter>Users\ヘッダーファイル\Scene</Filter>
    </ClInclude>
    <ClInclude Include="Users\Scene\MainGame.h">
      <Filter>Users\ヘッダーファイル\Scene</Filter>
    </ClInclude>
    <ClInclude Include="Users\Scene\SceneFactory.h">
      <Filter>Users\ヘッダーファイル\Scene</Filter>
    </ClInclude>
    <ClInclude Include="Users\Scene\TitleScene.h">
      <Filter>Users\ヘッダーファイル\Scene</Filter>
    </ClInclude>
    <ClInclude Include="lib\engine\Base\Utility\EngineUtility.h">
      <Filter>Engine\ヘッダー ファイル\Base\Utility</Filter>
    </ClInclude>
    <ClInclude Include="lib\engine\3D\Particle\ParticleManager.h">
      <Filter>Engine\ヘッダー ファイル\3D\Particle</Filter>
    </ClInclude>
    <ClInclude Include="lib\engine\Base\AvoidWarning.h">
      <Filter>Engine\ヘッダー ファイル\Base</Filter>
    </ClInclude>
    <ClInclude Include="lib\engine\3D\WorldTransform.h">
      <Filter>Engine\ヘッダー ファイル\3D</Filter>
    </ClInclude>
  </ItemGroup>
  <ItemGroup>
    <None Include="Resources\shaders\Sprite.hlsli">
      <Filter>Engine\シェーダーファイル</Filter>
    </None>
    <None Include="Resources\shaders\OBJ.hlsli">
      <Filter>Engine\シェーダーファイル</Filter>
    </None>
    <None Include="..\NekoYanagi\Resources\shaders\Particle.hlsli">
      <Filter>Engine\シェーダーファイル</Filter>
    </None>
  </ItemGroup>
  <ItemGroup>
    <FxCompile Include="Resources\shaders\SpritePS.hlsl">
      <Filter>Engine\シェーダーファイル</Filter>
    </FxCompile>
    <FxCompile Include="Resources\shaders\SpriteVS.hlsl">
      <Filter>Engine\シェーダーファイル</Filter>
    </FxCompile>
    <FxCompile Include="Resources\shaders\OBJVS.hlsl">
      <Filter>Engine\シェーダーファイル</Filter>
    </FxCompile>
    <FxCompile Include="Resources\shaders\OBJPS.hlsl">
      <Filter>Engine\シェーダーファイル</Filter>
    </FxCompile>
    <FxCompile Include="..\NekoYanagi\Resources\shaders\ParticleGS.hlsl">
      <Filter>Engine\シェーダーファイル</Filter>
    </FxCompile>
    <FxCompile Include="..\NekoYanagi\Resources\shaders\ParticlePS.hlsl">
      <Filter>Engine\シェーダーファイル</Filter>
    </FxCompile>
    <FxCompile Include="..\NekoYanagi\Resources\shaders\ParticleVS.hlsl">
      <Filter>Engine\シェーダーファイル</Filter>
    </FxCompile>
  </ItemGroup>
</Project>